
Microsoft Visual Studio Solution File, Format Version 12.00
# Visual Studio 15
VisualStudioVersion = 15.0.25901.2
MinimumVisualStudioVersion = 10.0.40219.1
Project("{FAE04EC0-301F-11D3-BF4B-00C04F79EFBC}") = "ColumnGuide", "ColumnGuide\ColumnGuide.csproj", "{0C5B092D-506C-4F92-9902-205874908ACC}"
EndProject
Project("{FAE04EC0-301F-11D3-BF4B-00C04F79EFBC}") = "ColumnGuidePackage", "ColumnGuidePackage\ColumnGuidePackage.csproj", "{B2BA96C9-1020-4D3E-9E4F-9D2525FD4DC3}"
EndProject
Project("{FAE04EC0-301F-11D3-BF4B-00C04F79EFBC}") = "Editor Guidelines", "VSIX\Editor Guidelines.csproj", "{BD32086D-4DD4-43E4-B1DF-69DA079DA88C}"
EndProject
Global
	GlobalSection(SolutionConfigurationPlatforms) = preSolution
		Debug|Any CPU = Debug|Any CPU
		Release|Any CPU = Release|Any CPU
	EndGlobalSection
	GlobalSection(ProjectConfigurationPlatforms) = postSolution
		{0C5B092D-506C-4F92-9902-205874908ACC}.Debug|Any CPU.ActiveCfg = Debug|Any CPU
		{0C5B092D-506C-4F92-9902-205874908ACC}.Debug|Any CPU.Build.0 = Debug|Any CPU
		{0C5B092D-506C-4F92-9902-205874908ACC}.Release|Any CPU.ActiveCfg = Release|Any CPU
		{0C5B092D-506C-4F92-9902-205874908ACC}.Release|Any CPU.Build.0 = Release|Any CPU
		{B2BA96C9-1020-4D3E-9E4F-9D2525FD4DC3}.Debug|Any CPU.ActiveCfg = Debug|Any CPU
		{B2BA96C9-1020-4D3E-9E4F-9D2525FD4DC3}.Debug|Any CPU.Build.0 = Debug|Any CPU
		{B2BA96C9-1020-4D3E-9E4F-9D2525FD4DC3}.Release|Any CPU.ActiveCfg = Release|Any CPU
		{B2BA96C9-1020-4D3E-9E4F-9D2525FD4DC3}.Release|Any CPU.Build.0 = Release|Any CPU
		{BD32086D-4DD4-43E4-B1DF-69DA079DA88C}.Debug|Any CPU.ActiveCfg = Debug|Any CPU
		{BD32086D-4DD4-43E4-B1DF-69DA079DA88C}.Debug|Any CPU.Build.0 = Debug|Any CPU
		{BD32086D-4DD4-43E4-B1DF-69DA079DA88C}.Release|Any CPU.ActiveCfg = Release|Any CPU
		{BD32086D-4DD4-43E4-B1DF-69DA079DA88C}.Release|Any CPU.Build.0 = Release|Any CPU
	EndGlobalSection
	GlobalSection(SolutionProperties) = preSolution
		HideSolutionNode = FALSE
	EndGlobalSection
	GlobalSection(ExtensibilityGlobals) = postSolution
		SolutionGuid = {64E283A2-5918-46A4-9D2B-83B601BBEBBD}
	EndGlobalSection
EndGlobal
